// !$*UTF8*$!
{
	archiveVersion = 1;
	classes = {
	};
	objectVersion = 56;
	objects = {

/* Begin PBXBuildFile section */
		6DC102E92AA096CE00046B37 /* PipelineTestingApp.swift in Sources */ = {isa = PBXBuildFile; fileRef = 6DC102E82AA096CE00046B37 /* PipelineTestingApp.swift */; };
		6DC102EB2AA096CE00046B37 /* ContentView.swift in Sources */ = {isa = PBXBuildFile; fileRef = 6DC102EA2AA096CE00046B37 /* ContentView.swift */; };
		6DC102ED2AA096D100046B37 /* Assets.xcassets in Resources */ = {isa = PBXBuildFile; fileRef = 6DC102EC2AA096D100046B37 /* Assets.xcassets */; };
		6DC102F02AA096D100046B37 /* Preview Assets.xcassets in Resources */ = {isa = PBXBuildFile; fileRef = 6DC102EF2AA096D100046B37 /* Preview Assets.xcassets */; };
		6DC102F82AA0974800046B37 /* SwrveConversationSDK in Frameworks */ = {isa = PBXBuildFile; productRef = 6DC102F72AA0974800046B37 /* SwrveConversationSDK */; };
		6DC102FA2AA0974800046B37 /* SwrveSDK in Frameworks */ = {isa = PBXBuildFile; productRef = 6DC102F92AA0974800046B37 /* SwrveSDK */; };
		6DC102FC2AA0974800046B37 /* SwrveSDKCommon in Frameworks */ = {isa = PBXBuildFile; productRef = 6DC102FB2AA0974800046B37 /* SwrveSDKCommon */; };
		6DC103002AA0998B00046B37 /* Mapbox in Frameworks */ = {isa = PBXBuildFile; productRef = 6DC102FF2AA0998B00046B37 /* Mapbox */; };
		6DC103032AA099CE00046B37 /* ADEUMInstrumentation in Frameworks */ = {isa = PBXBuildFile; productRef = 6DC103022AA099CE00046B37 /* ADEUMInstrumentation */; };
		6DC103142AA09EC500046B37 /* PipelineTestingTests.swift in Sources */ = {isa = PBXBuildFile; fileRef = 6DC103132AA09EC500046B37 /* PipelineTestingTests.swift */; };
		6DC1031F2AA09FBB00046B37 /* PactSwift in Frameworks */ = {isa = PBXBuildFile; productRef = 6DC1031E2AA09FBB00046B37 /* PactSwift */; };
		6DC103222AA0A08400046B37 /* Nimble in Frameworks */ = {isa = PBXBuildFile; productRef = 6DC103212AA0A08400046B37 /* Nimble */; };
		6DC103252AA0A0AA00046B37 /* Quick in Frameworks */ = {isa = PBXBuildFile; productRef = 6DC103242AA0A0AA00046B37 /* Quick */; };
/* End PBXBuildFile section */

/* Begin PBXContainerItemProxy section */
		6DC103152AA09EC500046B37 /* PBXContainerItemProxy */ = {
			isa = PBXContainerItemProxy;
			containerPortal = 6DC102DD2AA096CE00046B37 /* Project object */;
			proxyType = 1;
			remoteGlobalIDString = 6DC102E42AA096CE00046B37;
			remoteInfo = PipelineTesting;
		};
/* End PBXContainerItemProxy section */

/* Begin PBXFileReference section */
		6DC102E52AA096CE00046B37 /* PipelineTesting.app */ = {isa = PBXFileReference; explicitFileType = wrapper.application; includeInIndex = 0; path = PipelineTesting.app; sourceTree = BUILT_PRODUCTS_DIR; };
		6DC102E82AA096CE00046B37 /* PipelineTestingApp.swift */ = {isa = PBXFileReference; lastKnownFileType = sourcecode.swift; path = PipelineTestingApp.swift; sourceTree = "<group>"; };
		6DC102EA2AA096CE00046B37 /* ContentView.swift */ = {isa = PBXFileReference; lastKnownFileType = sourcecode.swift; path = ContentView.swift; sourceTree = "<group>"; };
		6DC102EC2AA096D100046B37 /* Assets.xcassets */ = {isa = PBXFileReference; lastKnownFileType = folder.assetcatalog; path = Assets.xcassets; sourceTree = "<group>"; };
		6DC102EF2AA096D100046B37 /* Preview Assets.xcassets */ = {isa = PBXFileReference; lastKnownFileType = folder.assetcatalog; path = "Preview Assets.xcassets"; sourceTree = "<group>"; };
		6DC103112AA09EC500046B37 /* PipelineTestingTests.xctest */ = {isa = PBXFileReference; explicitFileType = wrapper.cfbundle; includeInIndex = 0; path = PipelineTestingTests.xctest; sourceTree = BUILT_PRODUCTS_DIR; };
		6DC103132AA09EC500046B37 /* PipelineTestingTests.swift */ = {isa = PBXFileReference; lastKnownFileType = sourcecode.swift; path = PipelineTestingTests.swift; sourceTree = "<group>"; };
/* End PBXFileReference section */

/* Begin PBXFrameworksBuildPhase section */
		6DC102E22AA096CE00046B37 /* Frameworks */ = {
			isa = PBXFrameworksBuildPhase;
			buildActionMask = 2147483647;
			files = (
				6DC102FC2AA0974800046B37 /* SwrveSDKCommon in Frameworks */,
				6DC103002AA0998B00046B37 /* Mapbox in Frameworks */,
				6DC102F82AA0974800046B37 /* SwrveConversationSDK in Frameworks */,
				6DC103032AA099CE00046B37 /* ADEUMInstrumentation in Frameworks */,
				6DC102FA2AA0974800046B37 /* SwrveSDK in Frameworks */,
			);
			runOnlyForDeploymentPostprocessing = 0;
		};
		6DC1030E2AA09EC500046B37 /* Frameworks */ = {
			isa = PBXFrameworksBuildPhase;
			buildActionMask = 2147483647;
			files = (
				6DC103252AA0A0AA00046B37 /* Quick in Frameworks */,
				6DC1031F2AA09FBB00046B37 /* PactSwift in Frameworks */,
				6DC103222AA0A08400046B37 /* Nimble in Frameworks */,
			);
			runOnlyForDeploymentPostprocessing = 0;
		};
/* End PBXFrameworksBuildPhase section */

/* Begin PBXGroup section */
		6DC102DC2AA096CE00046B37 = {
			isa = PBXGroup;
			children = (
				6DC102E72AA096CE00046B37 /* PipelineTesting */,
				6DC103122AA09EC500046B37 /* PipelineTestingTests */,
				6DC102E62AA096CE00046B37 /* Products */,
			);
			sourceTree = "<group>";
		};
		6DC102E62AA096CE00046B37 /* Products */ = {
			isa = PBXGroup;
			children = (
				6DC102E52AA096CE00046B37 /* PipelineTesting.app */,
				6DC103112AA09EC500046B37 /* PipelineTestingTests.xctest */,
			);
			name = Products;
			sourceTree = "<group>";
		};
		6DC102E72AA096CE00046B37 /* PipelineTesting */ = {
			isa = PBXGroup;
			children = (
				6DC102E82AA096CE00046B37 /* PipelineTestingApp.swift */,
				6DC102EA2AA096CE00046B37 /* ContentView.swift */,
				6DC102EC2AA096D100046B37 /* Assets.xcassets */,
				6DC102EE2AA096D100046B37 /* Preview Content */,
			);
			path = PipelineTesting;
			sourceTree = "<group>";
		};
		6DC102EE2AA096D100046B37 /* Preview Content */ = {
			isa = PBXGroup;
			children = (
				6DC102EF2AA096D100046B37 /* Preview Assets.xcassets */,
			);
			path = "Preview Content";
			sourceTree = "<group>";
		};
		6DC103122AA09EC500046B37 /* PipelineTestingTests */ = {
			isa = PBXGroup;
			children = (
				6DC103132AA09EC500046B37 /* PipelineTestingTests.swift */,
			);
			path = PipelineTestingTests;
			sourceTree = "<group>";
		};
/* End PBXGroup section */

/* Begin PBXNativeTarget section */
		6DC102E42AA096CE00046B37 /* PipelineTesting */ = {
			isa = PBXNativeTarget;
			buildConfigurationList = 6DC102F32AA096D100046B37 /* Build configuration list for PBXNativeTarget "PipelineTesting" */;
			buildPhases = (
				6DC102E12AA096CE00046B37 /* Sources */,
				6DC102E22AA096CE00046B37 /* Frameworks */,
				6DC102E32AA096CE00046B37 /* Resources */,
			);
			buildRules = (
			);
			dependencies = (
			);
			name = PipelineTesting;
			packageProductDependencies = (
				6DC102F72AA0974800046B37 /* SwrveConversationSDK */,
				6DC102F92AA0974800046B37 /* SwrveSDK */,
				6DC102FB2AA0974800046B37 /* SwrveSDKCommon */,
				6DC102FF2AA0998B00046B37 /* Mapbox */,
				6DC103022AA099CE00046B37 /* ADEUMInstrumentation */,
			);
			productName = PipelineTesting;
			productReference = 6DC102E52AA096CE00046B37 /* PipelineTesting.app */;
			productType = "com.apple.product-type.application";
		};
		6DC103102AA09EC500046B37 /* PipelineTestingTests */ = {
			isa = PBXNativeTarget;
			buildConfigurationList = 6DC103172AA09EC500046B37 /* Build configuration list for PBXNativeTarget "PipelineTestingTests" */;
			buildPhases = (
				6DC1030D2AA09EC500046B37 /* Sources */,
				6DC1030E2AA09EC500046B37 /* Frameworks */,
				6DC1030F2AA09EC500046B37 /* Resources */,
			);
			buildRules = (
			);
			dependencies = (
				6DC103162AA09EC500046B37 /* PBXTargetDependency */,
			);
			name = PipelineTestingTests;
			packageProductDependencies = (
				6DC1031E2AA09FBB00046B37 /* PactSwift */,
				6DC103212AA0A08400046B37 /* Nimble */,
				6DC103242AA0A0AA00046B37 /* Quick */,
			);
			productName = PipelineTestingTests;
			productReference = 6DC103112AA09EC500046B37 /* PipelineTestingTests.xctest */;
			productType = "com.apple.product-type.bundle.unit-test";
		};
/* End PBXNativeTarget section */

/* Begin PBXProject section */
		6DC102DD2AA096CE00046B37 /* Project object */ = {
			isa = PBXProject;
			attributes = {
				BuildIndependentTargetsInParallel = 1;
				LastSwiftUpdateCheck = 1500;
				LastUpgradeCheck = 1500;
				TargetAttributes = {
					6DC102E42AA096CE00046B37 = {
						CreatedOnToolsVersion = 15.0;
					};
					6DC103102AA09EC500046B37 = {
						CreatedOnToolsVersion = 15.0;
						TestTargetID = 6DC102E42AA096CE00046B37;
					};
				};
			};
			buildConfigurationList = 6DC102E02AA096CE00046B37 /* Build configuration list for PBXProject "PipelineTesting" */;
			compatibilityVersion = "Xcode 14.0";
			developmentRegion = en;
			hasScannedForEncodings = 0;
			knownRegions = (
				en,
				Base,
			);
			mainGroup = 6DC102DC2AA096CE00046B37;
			packageReferences = (
				6DC102F62AA0974800046B37 /* XCRemoteSwiftPackageReference "swrve-ios-sdk" */,
				6DC102FE2AA0998B00046B37 /* XCRemoteSwiftPackageReference "maplibre-gl-native-distribution" */,
				6DC103012AA099CE00046B37 /* XCRemoteSwiftPackageReference "appdynamics" */,
				6DC1031D2AA09FBB00046B37 /* XCRemoteSwiftPackageReference "PactSwift" */,
				6DC103202AA0A08400046B37 /* XCRemoteSwiftPackageReference "Nimble" */,
				6DC103232AA0A0AA00046B37 /* XCRemoteSwiftPackageReference "Quick" */,
			);
			productRefGroup = 6DC102E62AA096CE00046B37 /* Products */;
			projectDirPath = "";
			projectRoot = "";
			targets = (
				6DC102E42AA096CE00046B37 /* PipelineTesting */,
				6DC103102AA09EC500046B37 /* PipelineTestingTests */,
			);
		};
/* End PBXProject section */

/* Begin PBXResourcesBuildPhase section */
		6DC102E32AA096CE00046B37 /* Resources */ = {
			isa = PBXResourcesBuildPhase;
			buildActionMask = 2147483647;
			files = (
				6DC102F02AA096D100046B37 /* Preview Assets.xcassets in Resources */,
				6DC102ED2AA096D100046B37 /* Assets.xcassets in Resources */,
			);
			runOnlyForDeploymentPostprocessing = 0;
		};
		6DC1030F2AA09EC500046B37 /* Resources */ = {
			isa = PBXResourcesBuildPhase;
			buildActionMask = 2147483647;
			files = (
			);
			runOnlyForDeploymentPostprocessing = 0;
		};
/* End PBXResourcesBuildPhase section */

/* Begin PBXSourcesBuildPhase section */
		6DC102E12AA096CE00046B37 /* Sources */ = {
			isa = PBXSourcesBuildPhase;
			buildActionMask = 2147483647;
			files = (
				6DC102EB2AA096CE00046B37 /* ContentView.swift in Sources */,
				6DC102E92AA096CE00046B37 /* PipelineTestingApp.swift in Sources */,
			);
			runOnlyForDeploymentPostprocessing = 0;
		};
		6DC1030D2AA09EC500046B37 /* Sources */ = {
			isa = PBXSourcesBuildPhase;
			buildActionMask = 2147483647;
			files = (
				6DC103142AA09EC500046B37 /* PipelineTestingTests.swift in Sources */,
			);
			runOnlyForDeploymentPostprocessing = 0;
		};
/* End PBXSourcesBuildPhase section */

/* Begin PBXTargetDependency section */
		6DC103162AA09EC500046B37 /* PBXTargetDependency */ = {
			isa = PBXTargetDependency;
			target = 6DC102E42AA096CE00046B37 /* PipelineTesting */;
			targetProxy = 6DC103152AA09EC500046B37 /* PBXContainerItemProxy */;
		};
/* End PBXTargetDependency section */

/* Begin XCBuildConfiguration section */
		6DC102F12AA096D100046B37 /* Debug */ = {
			isa = XCBuildConfiguration;
			buildSettings = {
				ALWAYS_SEARCH_USER_PATHS = NO;
				ASSETCATALOG_COMPILER_GENERATE_SWIFT_ASSET_SYMBOL_EXTENSIONS = YES;
				CLANG_ANALYZER_NONNULL = YES;
				CLANG_ANALYZER_NUMBER_OBJECT_CONVERSION = YES_AGGRESSIVE;
				CLANG_CXX_LANGUAGE_STANDARD = "gnu++20";
				CLANG_ENABLE_MODULES = YES;
				CLANG_ENABLE_OBJC_ARC = YES;
				CLANG_ENABLE_OBJC_WEAK = YES;
				CLANG_WARN_BLOCK_CAPTURE_AUTORELEASING = YES;
				CLANG_WARN_BOOL_CONVERSION = YES;
				CLANG_WARN_COMMA = YES;
				CLANG_WARN_CONSTANT_CONVERSION = YES;
				CLANG_WARN_DEPRECATED_OBJC_IMPLEMENTATIONS = YES;
				CLANG_WARN_DIRECT_OBJC_ISA_USAGE = YES_ERROR;
				CLANG_WARN_DOCUMENTATION_COMMENTS = YES;
				CLANG_WARN_EMPTY_BODY = YES;
				CLANG_WARN_ENUM_CONVERSION = YES;
				CLANG_WARN_INFINITE_RECURSION = YES;
				CLANG_WARN_INT_CONVERSION = YES;
				CLANG_WARN_NON_LITERAL_NULL_CONVERSION = YES;
				CLANG_WARN_OBJC_IMPLICIT_RETAIN_SELF = YES;
				CLANG_WARN_OBJC_LITERAL_CONVERSION = YES;
				CLANG_WARN_OBJC_ROOT_CLASS = YES_ERROR;
				CLANG_WARN_QUOTED_INCLUDE_IN_FRAMEWORK_HEADER = YES;
				CLANG_WARN_RANGE_LOOP_ANALYSIS = YES;
				CLANG_WARN_STRICT_PROTOTYPES = YES;
				CLANG_WARN_SUSPICIOUS_MOVE = YES;
				CLANG_WARN_UNGUARDED_AVAILABILITY = YES_AGGRESSIVE;
				CLANG_WARN_UNREACHABLE_CODE = YES;
				CLANG_WARN__DUPLICATE_METHOD_MATCH = YES;
				COPY_PHASE_STRIP = NO;
				DEBUG_INFORMATION_FORMAT = dwarf;
				ENABLE_STRICT_OBJC_MSGSEND = YES;
				ENABLE_TESTABILITY = YES;
				ENABLE_USER_SCRIPT_SANDBOXING = YES;
				GCC_C_LANGUAGE_STANDARD = gnu17;
				GCC_DYNAMIC_NO_PIC = NO;
				GCC_NO_COMMON_BLOCKS = YES;
				GCC_OPTIMIZATION_LEVEL = 0;
				GCC_PREPROCESSOR_DEFINITIONS = (
					"DEBUG=1",
					"$(inherited)",
				);
				GCC_WARN_64_TO_32_BIT_CONVERSION = YES;
				GCC_WARN_ABOUT_RETURN_TYPE = YES_ERROR;
				GCC_WARN_UNDECLARED_SELECTOR = YES;
				GCC_WARN_UNINITIALIZED_AUTOS = YES_AGGRESSIVE;
				GCC_WARN_UNUSED_FUNCTION = YES;
				GCC_WARN_UNUSED_VARIABLE = YES;
				IPHONEOS_DEPLOYMENT_TARGET = 17.0;
				LOCALIZATION_PREFERS_STRING_CATALOGS = YES;
				MTL_ENABLE_DEBUG_INFO = INCLUDE_SOURCE;
				MTL_FAST_MATH = YES;
				ONLY_ACTIVE_ARCH = YES;
				SDKROOT = iphoneos;
				SWIFT_ACTIVE_COMPILATION_CONDITIONS = "DEBUG $(inherited)";
				SWIFT_OPTIMIZATION_LEVEL = "-Onone";
			};
			name = Debug;
		};
		6DC102F22AA096D100046B37 /* Release */ = {
			isa = XCBuildConfiguration;
			buildSettings = {
				ALWAYS_SEARCH_USER_PATHS = NO;
				ASSETCATALOG_COMPILER_GENERATE_SWIFT_ASSET_SYMBOL_EXTENSIONS = YES;
				CLANG_ANALYZER_NONNULL = YES;
				CLANG_ANALYZER_NUMBER_OBJECT_CONVERSION = YES_AGGRESSIVE;
				CLANG_CXX_LANGUAGE_STANDARD = "gnu++20";
				CLANG_ENABLE_MODULES = YES;
				CLANG_ENABLE_OBJC_ARC = YES;
				CLANG_ENABLE_OBJC_WEAK = YES;
				CLANG_WARN_BLOCK_CAPTURE_AUTORELEASING = YES;
				CLANG_WARN_BOOL_CONVERSION = YES;
				CLANG_WARN_COMMA = YES;
				CLANG_WARN_CONSTANT_CONVERSION = YES;
				CLANG_WARN_DEPRECATED_OBJC_IMPLEMENTATIONS = YES;
				CLANG_WARN_DIRECT_OBJC_ISA_USAGE = YES_ERROR;
				CLANG_WARN_DOCUMENTATION_COMMENTS = YES;
				CLANG_WARN_EMPTY_BODY = YES;
				CLANG_WARN_ENUM_CONVERSION = YES;
				CLANG_WARN_INFINITE_RECURSION = YES;
				CLANG_WARN_INT_CONVERSION = YES;
				CLANG_WARN_NON_LITERAL_NULL_CONVERSION = YES;
				CLANG_WARN_OBJC_IMPLICIT_RETAIN_SELF = YES;
				CLANG_WARN_OBJC_LITERAL_CONVERSION = YES;
				CLANG_WARN_OBJC_ROOT_CLASS = YES_ERROR;
				CLANG_WARN_QUOTED_INCLUDE_IN_FRAMEWORK_HEADER = YES;
				CLANG_WARN_RANGE_LOOP_ANALYSIS = YES;
				CLANG_WARN_STRICT_PROTOTYPES = YES;
				CLANG_WARN_SUSPICIOUS_MOVE = YES;
				CLANG_WARN_UNGUARDED_AVAILABILITY = YES_AGGRESSIVE;
				CLANG_WARN_UNREACHABLE_CODE = YES;
				CLANG_WARN__DUPLICATE_METHOD_MATCH = YES;
				COPY_PHASE_STRIP = NO;
				DEBUG_INFORMATION_FORMAT = "dwarf-with-dsym";
				ENABLE_NS_ASSERTIONS = NO;
				ENABLE_STRICT_OBJC_MSGSEND = YES;
				ENABLE_USER_SCRIPT_SANDBOXING = YES;
				GCC_C_LANGUAGE_STANDARD = gnu17;
				GCC_NO_COMMON_BLOCKS = YES;
				GCC_WARN_64_TO_32_BIT_CONVERSION = YES;
				GCC_WARN_ABOUT_RETURN_TYPE = YES_ERROR;
				GCC_WARN_UNDECLARED_SELECTOR = YES;
				GCC_WARN_UNINITIALIZED_AUTOS = YES_AGGRESSIVE;
				GCC_WARN_UNUSED_FUNCTION = YES;
				GCC_WARN_UNUSED_VARIABLE = YES;
				IPHONEOS_DEPLOYMENT_TARGET = 17.0;
				LOCALIZATION_PREFERS_STRING_CATALOGS = YES;
				MTL_ENABLE_DEBUG_INFO = NO;
				MTL_FAST_MATH = YES;
				SDKROOT = iphoneos;
				SWIFT_COMPILATION_MODE = wholemodule;
				VALIDATE_PRODUCT = YES;
			};
			name = Release;
		};
		6DC102F42AA096D100046B37 /* Debug */ = {
			isa = XCBuildConfiguration;
			buildSettings = {
				ASSETCATALOG_COMPILER_APPICON_NAME = AppIcon;
				ASSETCATALOG_COMPILER_GLOBAL_ACCENT_COLOR_NAME = AccentColor;
				CODE_SIGN_STYLE = Automatic;
				CURRENT_PROJECT_VERSION = 1;
				DEVELOPMENT_ASSET_PATHS = "\"PipelineTesting/Preview Content\"";
				DEVELOPMENT_TEAM = 9QLZYFJHPH;
				ENABLE_PREVIEWS = YES;
				GENERATE_INFOPLIST_FILE = YES;
				INFOPLIST_KEY_UIApplicationSceneManifest_Generation = YES;
				INFOPLIST_KEY_UIApplicationSupportsIndirectInputEvents = YES;
				INFOPLIST_KEY_UILaunchScreen_Generation = YES;
				INFOPLIST_KEY_UISupportedInterfaceOrientations_iPad = "UIInterfaceOrientationPortrait UIInterfaceOrientationPortraitUpsideDown UIInterfaceOrientationLandscapeLeft UIInterfaceOrientationLandscapeRight";
				INFOPLIST_KEY_UISupportedInterfaceOrientations_iPhone = "UIInterfaceOrientationPortrait UIInterfaceOrientationLandscapeLeft UIInterfaceOrientationLandscapeRight";
				IPHONEOS_DEPLOYMENT_TARGET = 15.0;
				LD_RUNPATH_SEARCH_PATHS = (
					"$(inherited)",
					"@executable_path/Frameworks",
				);
				MARKETING_VERSION = 1.0;
				PRODUCT_BUNDLE_IDENTIFIER = com.alexIrimia.PipelineTesting;
				PRODUCT_NAME = "$(TARGET_NAME)";
				SWIFT_EMIT_LOC_STRINGS = YES;
				SWIFT_VERSION = 5.0;
				TARGETED_DEVICE_FAMILY = "1,2";
			};
			name = Debug;
		};
		6DC102F52AA096D100046B37 /* Release */ = {
			isa = XCBuildConfiguration;
			buildSettings = {
				ASSETCATALOG_COMPILER_APPICON_NAME = AppIcon;
				ASSETCATALOG_COMPILER_GLOBAL_ACCENT_COLOR_NAME = AccentColor;
				CODE_SIGN_STYLE = Automatic;
				CURRENT_PROJECT_VERSION = 1;
				DEVELOPMENT_ASSET_PATHS = "\"PipelineTesting/Preview Content\"";
				DEVELOPMENT_TEAM = 9QLZYFJHPH;
				ENABLE_PREVIEWS = YES;
				GENERATE_INFOPLIST_FILE = YES;
				INFOPLIST_KEY_UIApplicationSceneManifest_Generation = YES;
				INFOPLIST_KEY_UIApplicationSupportsIndirectInputEvents = YES;
				INFOPLIST_KEY_UILaunchScreen_Generation = YES;
				INFOPLIST_KEY_UISupportedInterfaceOrientations_iPad = "UIInterfaceOrientationPortrait UIInterfaceOrientationPortraitUpsideDown UIInterfaceOrientationLandscapeLeft UIInterfaceOrientationLandscapeRight";
				INFOPLIST_KEY_UISupportedInterfaceOrientations_iPhone = "UIInterfaceOrientationPortrait UIInterfaceOrientationLandscapeLeft UIInterfaceOrientationLandscapeRight";
				IPHONEOS_DEPLOYMENT_TARGET = 15.0;
				LD_RUNPATH_SEARCH_PATHS = (
					"$(inherited)",
					"@executable_path/Frameworks",
				);
				MARKETING_VERSION = 1.0;
				PRODUCT_BUNDLE_IDENTIFIER = com.alexIrimia.PipelineTesting;
				PRODUCT_NAME = "$(TARGET_NAME)";
				SWIFT_EMIT_LOC_STRINGS = YES;
				SWIFT_VERSION = 5.0;
				TARGETED_DEVICE_FAMILY = "1,2";
			};
			name = Release;
		};
		6DC103182AA09EC500046B37 /* Debug */ = {
			isa = XCBuildConfiguration;
			buildSettings = {
				BUNDLE_LOADER = "$(TEST_HOST)";
				CODE_SIGN_STYLE = Automatic;
				CURRENT_PROJECT_VERSION = 1;
				DEVELOPMENT_TEAM = 9QLZYFJHPH;
				GENERATE_INFOPLIST_FILE = YES;
				MARKETING_VERSION = 1.0;
				PRODUCT_BUNDLE_IDENTIFIER = com.alexIrimia.PipelineTestingTests;
				PRODUCT_NAME = "$(TARGET_NAME)";
				SWIFT_EMIT_LOC_STRINGS = NO;
				SWIFT_VERSION = 5.0;
				TARGETED_DEVICE_FAMILY = "1,2";
				TEST_HOST = "$(BUILT_PRODUCTS_DIR)/PipelineTesting.app/$(BUNDLE_EXECUTABLE_FOLDER_PATH)/PipelineTesting";
			};
			name = Debug;
		};
		6DC103192AA09EC500046B37 /* Release */ = {
			isa = XCBuildConfiguration;
			buildSettings = {
				BUNDLE_LOADER = "$(TEST_HOST)";
				CODE_SIGN_STYLE = Automatic;
				CURRENT_PROJECT_VERSION = 1;
				DEVELOPMENT_TEAM = 9QLZYFJHPH;
				GENERATE_INFOPLIST_FILE = YES;
				MARKETING_VERSION = 1.0;
				PRODUCT_BUNDLE_IDENTIFIER = com.alexIrimia.PipelineTestingTests;
				PRODUCT_NAME = "$(TARGET_NAME)";
				SWIFT_EMIT_LOC_STRINGS = NO;
				SWIFT_VERSION = 5.0;
				TARGETED_DEVICE_FAMILY = "1,2";
				TEST_HOST = "$(BUILT_PRODUCTS_DIR)/PipelineTesting.app/$(BUNDLE_EXECUTABLE_FOLDER_PATH)/PipelineTesting";
			};
			name = Release;
		};
/* End XCBuildConfiguration section */

/* Begin XCConfigurationList section */
		6DC102E02AA096CE00046B37 /* Build configuration list for PBXProject "PipelineTesting" */ = {
			isa = XCConfigurationList;
			buildConfigurations = (
				6DC102F12AA096D100046B37 /* Debug */,
				6DC102F22AA096D100046B37 /* Release */,
			);
			defaultConfigurationIsVisible = 0;
			defaultConfigurationName = Release;
		};
		6DC102F32AA096D100046B37 /* Build configuration list for PBXNativeTarget "PipelineTesting" */ = {
			isa = XCConfigurationList;
			buildConfigurations = (
				6DC102F42AA096D100046B37 /* Debug */,
				6DC102F52AA096D100046B37 /* Release */,
			);
			defaultConfigurationIsVisible = 0;
			defaultConfigurationName = Release;
		};
		6DC103172AA09EC500046B37 /* Build configuration list for PBXNativeTarget "PipelineTestingTests" */ = {
			isa = XCConfigurationList;
			buildConfigurations = (
				6DC103182AA09EC500046B37 /* Debug */,
				6DC103192AA09EC500046B37 /* Release */,
			);
			defaultConfigurationIsVisible = 0;
			defaultConfigurationName = Release;
		};
/* End XCConfigurationList section */

/* Begin XCRemoteSwiftPackageReference section */
		6DC102F62AA0974800046B37 /* XCRemoteSwiftPackageReference "swrve-ios-sdk" */ = {
			isa = XCRemoteSwiftPackageReference;
			repositoryURL = "https://github.com/Swrve/swrve-ios-sdk";
			requirement = {
				kind = exactVersion;
				version = 8.6.0;
			};
		};
		6DC102FE2AA0998B00046B37 /* XCRemoteSwiftPackageReference "maplibre-gl-native-distribution" */ = {
			isa = XCRemoteSwiftPackageReference;
			repositoryURL = "https://github.com/maplibre/maplibre-gl-native-distribution";
			requirement = {
				kind = exactVersion;
				version = 5.13.0;
			};
		};
		6DC103012AA099CE00046B37 /* XCRemoteSwiftPackageReference "appdynamics" */ = {
			isa = XCRemoteSwiftPackageReference;
			repositoryURL = "ssh://git@git.emirates.group/ema/appdynamics.git";
			requirement = {
				kind = exactVersion;
				version = 1.0.0;
			};
		};
		6DC1031D2AA09FBB00046B37 /* XCRemoteSwiftPackageReference "PactSwift" */ = {
			isa = XCRemoteSwiftPackageReference;
			repositoryURL = "https://github.com/surpher/PactSwift";
			requirement = {
				kind = exactVersion;
				version = 1.1.0;
			};
		};
		6DC103202AA0A08400046B37 /* XCRemoteSwiftPackageReference "Nimble" */ = {
			isa = XCRemoteSwiftPackageReference;
			repositoryURL = "https://github.com/Quick/Nimble";
			requirement = {
				kind = exactVersion;
				version = 10.0.0;
			};
		};
		6DC103232AA0A0AA00046B37 /* XCRemoteSwiftPackageReference "Quick" */ = {
			isa = XCRemoteSwiftPackageReference;
			repositoryURL = "https://github.com/Quick/Quick.git";
			requirement = {
				kind = exactVersion;
				version = 5.0.1;
			};
		};
/* End XCRemoteSwiftPackageReference section */

/* Begin XCSwiftPackageProductDependency section */
		6DC102F72AA0974800046B37 /* SwrveConversationSDK */ = {
			isa = XCSwiftPackageProductDependency;
			package = 6DC102F62AA0974800046B37 /* XCRemoteSwiftPackageReference "swrve-ios-sdk" */;
			productName = SwrveConversationSDK;
		};
		6DC102F92AA0974800046B37 /* SwrveSDK */ = {
			isa = XCSwiftPackageProductDependency;
			package = 6DC102F62AA0974800046B37 /* XCRemoteSwiftPackageReference "swrve-ios-sdk" */;
			productName = SwrveSDK;
		};
		6DC102FB2AA0974800046B37 /* SwrveSDKCommon */ = {
			isa = XCSwiftPackageProductDependency;
			package = 6DC102F62AA0974800046B37 /* XCRemoteSwiftPackageReference "swrve-ios-sdk" */;
			productName = SwrveSDKCommon;
		};
		6DC102FF2AA0998B00046B37 /* Mapbox */ = {
			isa = XCSwiftPackageProductDependency;
			package = 6DC102FE2AA0998B00046B37 /* XCRemoteSwiftPackageReference "maplibre-gl-native-distribution" */;
			productName = Mapbox;
		};
		6DC103022AA099CE00046B37 /* ADEUMInstrumentation */ = {
			isa = XCSwiftPackageProductDependency;
			package = 6DC103012AA099CE00046B37 /* XCRemoteSwiftPackageReference "appdynamics" */;
			productName = ADEUMInstrumentation;
		};
		6DC1031E2AA09FBB00046B37 /* PactSwift */ = {
			isa = XCSwiftPackageProductDependency;
			package = 6DC1031D2AA09FBB00046B37 /* XCRemoteSwiftPackageReference "PactSwift" */;
			productName = PactSwift;
		};
		6DC103212AA0A08400046B37 /* Nimble */ = {
			isa = XCSwiftPackageProductDependency;
			package = 6DC103202AA0A08400046B37 /* XCRemoteSwiftPackageReference "Nimble" */;
			productName = Nimble;
		};
		6DC103242AA0A0AA00046B37 /* Quick */ = {
			isa = XCSwiftPackageProductDependency;
			package = 6DC103232AA0A0AA00046B37 /* XCRemoteSwiftPackageReference "Quick" */;
			productName = Quick;
		};
/* End XCSwiftPackageProductDependency section */
	};
	rootObject = 6DC102DD2AA096CE00046B37 /* Project object */;
}
